
Microsoft Visual Studio Solution File, Format Version 12.00
# Visual Studio Version 16
VisualStudioVersion = 16.0.30011.22
MinimumVisualStudioVersion = 10.0.40219.1
Project("{FAE04EC0-301F-11D3-BF4B-00C04F79EFBC}") = "TestShop.Web", "TestShop.Web\TestShop.Web.csproj", "{789FBD35-B862-4313-B789-6EF1FEB93FDB}"
EndProject
Global
	GlobalSection(SolutionConfigurationPlatforms) = preSolution
		Debug|Any CPU = Debug|Any CPU
		Release|Any CPU = Release|Any CPU
	EndGlobalSection
	GlobalSection(ProjectConfigurationPlatforms) = postSolution
		{789FBD35-B862-4313-B789-6EF1FEB93FDB}.Debug|Any CPU.ActiveCfg = Debug|Any CPU
		{789FBD35-B862-4313-B789-6EF1FEB93FDB}.Debug|Any CPU.Build.0 = Debug|Any CPU
		{789FBD35-B862-4313-B789-6EF1FEB93FDB}.Release|Any CPU.ActiveCfg = Release|Any CPU
		{789FBD35-B862-4313-B789-6EF1FEB93FDB}.Release|Any CPU.Build.0 = Release|Any CPU
	EndGlobalSection
	GlobalSection(SolutionProperties) = preSolution
		HideSolutionNode = FALSE
	EndGlobalSection
	GlobalSection(ExtensibilityGlobals) = postSolution
		SolutionGuid = {8A167A31-9FEA-475A-843F-5A28B5677265}
	EndGlobalSection
EndGlobal
